# THIS IS AN AUTOGENERATED FILE. DO NOT EDIT THIS FILE DIRECTLY.
# yarn lockfile v1


dank-do-while@^0.1.2:
  version "0.1.2"
  resolved "https://registry.yarnpkg.com/dank-do-while/-/dank-do-while-0.1.2.tgz#819b25937b9777657b56f5172ad856596fcd0c84"

write-file-queue@^0.0.1:
  version "0.0.1"
  resolved "https://registry.yarnpkg.com/write-file-queue/-/write-file-queue-0.0.1.tgz#3764f614451806e9612c969b770d830a6a8115e9"
  dependencies:
    dank-do-while "^0.1.2"
